<Solution>
  <Folder Name="/samples/">
    <Project Path="samples/Middleware/Middleware.csproj" />
    <Project Path="samples/Simple/Simple.csproj" />
  </Folder>
  <Folder Name="/src/">
    <Project Path="src/Amanhencer.Abstractions/Amanhencer.Abstractions.csproj" />
    <Project Path="src/Amanhencer.Extensions.Resilience/Amanhencer.Extensions.Resilience.csproj" />
    <Project Path="src/Amanhencer.OpenTelemetry/Amanhencer.OpenTelemetry.csproj" />
    <Project Path="src/Amanhencer.Polly/Amanhencer.Polly.csproj" />
    <Project Path="src/Amanhencer/Amanhencer.csproj" />
  </Folder>
  <Folder Name="/tests/">
    <Project Path="tests/Amanhencer.IntegrationTests/Amanhencer.IntegrationTests.csproj" />
    <Project Path="tests/Amanhencer.Tests/Amanhencer.Tests.csproj" />
  </Folder>
</Solution>
