<Solution>
  <Folder Name="/samples/">
    <Project Path="samples/Middleware/Middleware.csproj" />
    <Project Path="samples/Simple/Simple.csproj" />
  </Folder>
  <Folder Name="/src/">
    <Project Path="src/Amanhecer.Abstractions/Amanhecer.Abstractions.csproj" />
    <Project Path="src/Amanhecer.Extensions.Hosting/Amanhecer.Extensions.Hosting.csproj" />
    <Project Path="src/Amanhecer.Extensions.Resilience/Amanhecer.Extensions.Resilience.csproj" />
    <Project Path="src/Amanhecer.OpenTelemetry/Amanhecer.OpenTelemetry.csproj" />
    <Project Path="src/Amanhecer.Polly/Amanhecer.Polly.csproj" />
    <Project Path="src/Amanhecer.RabbitMq/Amanhecer.RabbitMq.csproj" />
    <Project Path="src/Amanhecer/Amanhecer.csproj" />
  </Folder>
  <Folder Name="/tests/">
    <Project Path="tests/Amanhecer.Extensions.Resilience.Tests/Amanhecer.Extensions.Resilience.Tests.csproj" />
    <Project Path="tests/Amanhecer.Polly.Tests/Amanhecer.Polly.Tests.csproj" />
    <Project Path="tests/Amanhecer.IntegrationTests/Amanhecer.IntegrationTests.csproj" />
    <Project Path="tests/Amanhecer.OpenTelemetry.Tests/Amanhecer.OpenTelemetry.Tests.csproj" />
    <Project Path="tests/Amanhecer.Tests/Amanhecer.Tests.csproj" />
  </Folder>
</Solution>
